// !$*UTF8*$!
{
	archiveVersion = 1;
	classes = {
	};
	objectVersion = 56;
	objects = {

/* Begin PBXBuildFile section */
		9A6113B729F515FF0051FF2B /* QuestionViewController.swift in Sources */ = {isa = PBXBuildFile; fileRef = 9A6113B629F515FF0051FF2B /* QuestionViewController.swift */; };
		9A6113B929F51F5B0051FF2B /* UIScreenExt+.swift in Sources */ = {isa = PBXBuildFile; fileRef = 9A6113B829F51F5B0051FF2B /* UIScreenExt+.swift */; };
		9A6113BB29F521910051FF2B /* BaseViewController.swift in Sources */ = {isa = PBXBuildFile; fileRef = 9A6113BA29F521910051FF2B /* BaseViewController.swift */; };
		9A6113C729F539C10051FF2B /* APIManager.swift in Sources */ = {isa = PBXBuildFile; fileRef = 9A6113C629F539C10051FF2B /* APIManager.swift */; };
		9A6113CA29FBD1140051FF2B /* Alamofire in Frameworks */ = {isa = PBXBuildFile; productRef = 9A6113C929FBD1140051FF2B /* Alamofire */; };
		9A6113CE2A00C8860051FF2B /* APITest.swift in Sources */ = {isa = PBXBuildFile; fileRef = 9A6113CD2A00C8860051FF2B /* APITest.swift */; };
		9A6113D02A00D5F40051FF2B /* NSMutableParagraphStyle.swift in Sources */ = {isa = PBXBuildFile; fileRef = 9A6113CF2A00D5F40051FF2B /* NSMutableParagraphStyle.swift */; };
		9A6113D22A010B840051FF2B /* CategoryCollectionViewCell.swift in Sources */ = {isa = PBXBuildFile; fileRef = 9A6113D12A010B840051FF2B /* CategoryCollectionViewCell.swift */; };
		9A6113D62A0134F80051FF2B /* SetExt+.swift in Sources */ = {isa = PBXBuildFile; fileRef = 9A6113D52A0134F80051FF2B /* SetExt+.swift */; };
		9A6114432A02923E0051FF2B /* libModel.a in Frameworks */ = {isa = PBXBuildFile; fileRef = 9A6114422A02923E0051FF2B /* libModel.a */; };
		9A6114472A0296240051FF2B /* Coordinator.swift in Sources */ = {isa = PBXBuildFile; fileRef = 9A6114462A0296240051FF2B /* Coordinator.swift */; };
		9A6114492A0296310051FF2B /* Coordinating.swift in Sources */ = {isa = PBXBuildFile; fileRef = 9A6114482A0296310051FF2B /* Coordinating.swift */; };
		9A61144B2A02964D0051FF2B /* Provider.swift in Sources */ = {isa = PBXBuildFile; fileRef = 9A61144A2A02964D0051FF2B /* Provider.swift */; };
		9A61144D2A0296770051FF2B /* StartingNavigationController.swift in Sources */ = {isa = PBXBuildFile; fileRef = 9A61144C2A0296770051FF2B /* StartingNavigationController.swift */; };
		9A61144F2A0296940051FF2B /* UserService.swift in Sources */ = {isa = PBXBuildFile; fileRef = 9A61144E2A0296940051FF2B /* UserService.swift */; };
		9A6114512A0296E90051FF2B /* SurveyService.swift in Sources */ = {isa = PBXBuildFile; fileRef = 9A6114502A0296E90051FF2B /* SurveyService.swift */; };
		9A6114542A0297920051FF2B /* MainCoordinator.swift in Sources */ = {isa = PBXBuildFile; fileRef = 9A6114532A0297920051FF2B /* MainCoordinator.swift */; };
		9A6114562A0298D10051FF2B /* Destination.swift in Sources */ = {isa = PBXBuildFile; fileRef = 9A6114552A0298D10051FF2B /* Destination.swift */; };
		9A6114B82A02B1F70051FF2B /* RadioButton.swift in Sources */ = {isa = PBXBuildFile; fileRef = 9A6114B72A02B1F70051FF2B /* RadioButton.swift */; };
		9A6114BA2A02B2230051FF2B /* CheckBoxButton.swift in Sources */ = {isa = PBXBuildFile; fileRef = 9A6114B92A02B2230051FF2B /* CheckBoxButton.swift */; };
		9A6114BC2A02B2DB0051FF2B /* RadioButtonStackView.swift in Sources */ = {isa = PBXBuildFile; fileRef = 9A6114BB2A02B2DB0051FF2B /* RadioButtonStackView.swift */; };
		9A6114BE2A0500110051FF2B /* SingleChoiceButton.swift in Sources */ = {isa = PBXBuildFile; fileRef = 9A6114BD2A0500110051FF2B /* SingleChoiceButton.swift */; };
		9A6114C02A0508620051FF2B /* OptionStackView.swift in Sources */ = {isa = PBXBuildFile; fileRef = 9A6114BF2A0508620051FF2B /* OptionStackView.swift */; };
		9A6114C22A050A100051FF2B /* MultipleChoiceButton.swift in Sources */ = {isa = PBXBuildFile; fileRef = 9A6114C12A050A100051FF2B /* MultipleChoiceButton.swift */; };
		9A6114C62A0691D80051FF2B /* PostingViewController.swift in Sources */ = {isa = PBXBuildFile; fileRef = 9A6114C52A0691D80051FF2B /* PostingViewController.swift */; };
		9A6114CA2A069D6B0051FF2B /* UIStackViewExt+.swift in Sources */ = {isa = PBXBuildFile; fileRef = 9A6114C92A069D6B0051FF2B /* UIStackViewExt+.swift */; };
		9ABBC35529DC6405006980E6 /* MoreInfoTableViewCell.swift in Sources */ = {isa = PBXBuildFile; fileRef = 9ABBC35429DC6405006980E6 /* MoreInfoTableViewCell.swift */; };
		9ABBC35729DC6E71006980E6 /* UIViewExt+.swift in Sources */ = {isa = PBXBuildFile; fileRef = 9ABBC35629DC6E71006980E6 /* UIViewExt+.swift */; };
		9ABBC35929DC787A006980E6 /* UIViewControllerExt+.swift in Sources */ = {isa = PBXBuildFile; fileRef = 9ABBC35829DC787A006980E6 /* UIViewControllerExt+.swift */; };
		9AE295D229D6F81400387883 /* AppDelegate.swift in Sources */ = {isa = PBXBuildFile; fileRef = 9AE295D129D6F81400387883 /* AppDelegate.swift */; };
		9AE295D429D6F81400387883 /* SceneDelegate.swift in Sources */ = {isa = PBXBuildFile; fileRef = 9AE295D329D6F81400387883 /* SceneDelegate.swift */; };
		9AE295D629D6F81400387883 /* MainTabController.swift in Sources */ = {isa = PBXBuildFile; fileRef = 9AE295D529D6F81400387883 /* MainTabController.swift */; };
		9AE295DB29D6F81600387883 /* Assets.xcassets in Resources */ = {isa = PBXBuildFile; fileRef = 9AE295DA29D6F81600387883 /* Assets.xcassets */; };
		9AE295DE29D6F81600387883 /* LaunchScreen.storyboard in Resources */ = {isa = PBXBuildFile; fileRef = 9AE295DC29D6F81600387883 /* LaunchScreen.storyboard */; };
		9AE295EA29D6FA4C00387883 /* HomeViewController.swift in Sources */ = {isa = PBXBuildFile; fileRef = 9AE295E929D6FA4C00387883 /* HomeViewController.swift */; };
		9AE295EC29D6FA5300387883 /* StoreViewController.swift in Sources */ = {isa = PBXBuildFile; fileRef = 9AE295EB29D6FA5300387883 /* StoreViewController.swift */; };
		9AE295EE29D6FA5C00387883 /* MyPageViewController.swift in Sources */ = {isa = PBXBuildFile; fileRef = 9AE295ED29D6FA5C00387883 /* MyPageViewController.swift */; };
		9AE295F129D6FB4A00387883 /* UIImageExt+.swift in Sources */ = {isa = PBXBuildFile; fileRef = 9AE295F029D6FB4A00387883 /* UIImageExt+.swift */; };
		9AE295F329D700B900387883 /* UIColorExt+.swift in Sources */ = {isa = PBXBuildFile; fileRef = 9AE295F229D700B900387883 /* UIColorExt+.swift */; };
		9AE295F629D702EF00387883 /* SnapKit in Frameworks */ = {isa = PBXBuildFile; productRef = 9AE295F529D702EF00387883 /* SnapKit */; };
		9AE295F829D706A200387883 /* UserDefaultsExt+.swift in Sources */ = {isa = PBXBuildFile; fileRef = 9AE295F729D706A200387883 /* UserDefaultsExt+.swift */; };
		9AE295FA29D7131C00387883 /* SurveyTableViewCell.swift in Sources */ = {isa = PBXBuildFile; fileRef = 9AE295F929D7131C00387883 /* SurveyTableViewCell.swift */; };
		9AE295FF29D714E300387883 /* UITableViewCellExt+.swift in Sources */ = {isa = PBXBuildFile; fileRef = 9AE295FE29D714E300387883 /* UITableViewCellExt+.swift */; };
		9AE2960129D714F800387883 /* UICollectionViewCellExt+.swift in Sources */ = {isa = PBXBuildFile; fileRef = 9AE2960029D714F800387883 /* UICollectionViewCellExt+.swift */; };
		9AE2960B29D7217100387883 /* SurvyTests.swift in Sources */ = {isa = PBXBuildFile; fileRef = 9AE2960A29D7217100387883 /* SurvyTests.swift */; };
		9AE2961229D72B7D00387883 /* Todos in Resources */ = {isa = PBXBuildFile; fileRef = 9AE2961129D72B7D00387883 /* Todos */; };
		9AE2961429D83D7600387883 /* UILabelExt+.swift in Sources */ = {isa = PBXBuildFile; fileRef = 9AE2961329D83D7600387883 /* UILabelExt+.swift */; };
		9AE2961629D844CC00387883 /* PaddedLabel.swift in Sources */ = {isa = PBXBuildFile; fileRef = 9AE2961529D844CC00387883 /* PaddedLabel.swift */; };
		9AE2961A29D8474A00387883 /* UIButtonExt+.swift in Sources */ = {isa = PBXBuildFile; fileRef = 9AE2961929D8474A00387883 /* UIButtonExt+.swift */; };
		A244B07D1065A7D42AFE5B2F /* Pods_SurvyTests.framework in Frameworks */ = {isa = PBXBuildFile; fileRef = F266BDB675BE90E308F32F23 /* Pods_SurvyTests.framework */; };
		A888A22CB2C6F95DB56C25D4 /* Pods_Survy.framework in Frameworks */ = {isa = PBXBuildFile; fileRef = E1F1FC6319283DBA86EE1005 /* Pods_Survy.framework */; };
/* End PBXBuildFile section */

/* Begin PBXContainerItemProxy section */
		9AE2960C29D7217100387883 /* PBXContainerItemProxy */ = {
			isa = PBXContainerItemProxy;
			containerPortal = 9AE295C629D6F81400387883 /* Project object */;
			proxyType = 1;
			remoteGlobalIDString = 9AE295CD29D6F81400387883;
			remoteInfo = Survy;
		};
/* End PBXContainerItemProxy section */

/* Begin PBXFileReference section */
		291EA8F94DBEE7A46E0AAD3F /* Pods-SurvyTests.release.xcconfig */ = {isa = PBXFileReference; includeInIndex = 1; lastKnownFileType = text.xcconfig; name = "Pods-SurvyTests.release.xcconfig"; path = "Target Support Files/Pods-SurvyTests/Pods-SurvyTests.release.xcconfig"; sourceTree = "<group>"; };
		7933420798D6EB56509FCEAD /* Pods-Survy.release.xcconfig */ = {isa = PBXFileReference; includeInIndex = 1; lastKnownFileType = text.xcconfig; name = "Pods-Survy.release.xcconfig"; path = "Target Support Files/Pods-Survy/Pods-Survy.release.xcconfig"; sourceTree = "<group>"; };
		9A6113B629F515FF0051FF2B /* QuestionViewController.swift */ = {isa = PBXFileReference; lastKnownFileType = sourcecode.swift; path = QuestionViewController.swift; sourceTree = "<group>"; };
		9A6113B829F51F5B0051FF2B /* UIScreenExt+.swift */ = {isa = PBXFileReference; lastKnownFileType = sourcecode.swift; path = "UIScreenExt+.swift"; sourceTree = "<group>"; };
		9A6113BA29F521910051FF2B /* BaseViewController.swift */ = {isa = PBXFileReference; lastKnownFileType = sourcecode.swift; path = BaseViewController.swift; sourceTree = "<group>"; };
		9A6113C629F539C10051FF2B /* APIManager.swift */ = {isa = PBXFileReference; lastKnownFileType = sourcecode.swift; path = APIManager.swift; sourceTree = "<group>"; };
		9A6113CD2A00C8860051FF2B /* APITest.swift */ = {isa = PBXFileReference; lastKnownFileType = sourcecode.swift; path = APITest.swift; sourceTree = "<group>"; };
		9A6113CF2A00D5F40051FF2B /* NSMutableParagraphStyle.swift */ = {isa = PBXFileReference; lastKnownFileType = sourcecode.swift; path = NSMutableParagraphStyle.swift; sourceTree = "<group>"; };
		9A6113D12A010B840051FF2B /* CategoryCollectionViewCell.swift */ = {isa = PBXFileReference; lastKnownFileType = sourcecode.swift; path = CategoryCollectionViewCell.swift; sourceTree = "<group>"; };
		9A6113D52A0134F80051FF2B /* SetExt+.swift */ = {isa = PBXFileReference; lastKnownFileType = sourcecode.swift; path = "SetExt+.swift"; sourceTree = "<group>"; };
		9A6114422A02923E0051FF2B /* libModel.a */ = {isa = PBXFileReference; explicitFileType = archive.ar; path = libModel.a; sourceTree = BUILT_PRODUCTS_DIR; };
		9A6114462A0296240051FF2B /* Coordinator.swift */ = {isa = PBXFileReference; lastKnownFileType = sourcecode.swift; path = Coordinator.swift; sourceTree = "<group>"; };
		9A6114482A0296310051FF2B /* Coordinating.swift */ = {isa = PBXFileReference; lastKnownFileType = sourcecode.swift; path = Coordinating.swift; sourceTree = "<group>"; };
		9A61144A2A02964D0051FF2B /* Provider.swift */ = {isa = PBXFileReference; lastKnownFileType = sourcecode.swift; path = Provider.swift; sourceTree = "<group>"; };
		9A61144C2A0296770051FF2B /* StartingNavigationController.swift */ = {isa = PBXFileReference; lastKnownFileType = sourcecode.swift; path = StartingNavigationController.swift; sourceTree = "<group>"; };
		9A61144E2A0296940051FF2B /* UserService.swift */ = {isa = PBXFileReference; lastKnownFileType = sourcecode.swift; path = UserService.swift; sourceTree = "<group>"; };
		9A6114502A0296E90051FF2B /* SurveyService.swift */ = {isa = PBXFileReference; lastKnownFileType = sourcecode.swift; path = SurveyService.swift; sourceTree = "<group>"; };
		9A6114532A0297920051FF2B /* MainCoordinator.swift */ = {isa = PBXFileReference; lastKnownFileType = sourcecode.swift; path = MainCoordinator.swift; sourceTree = "<group>"; };
		9A6114552A0298D10051FF2B /* Destination.swift */ = {isa = PBXFileReference; lastKnownFileType = sourcecode.swift; path = Destination.swift; sourceTree = "<group>"; };
		9A6114B72A02B1F70051FF2B /* RadioButton.swift */ = {isa = PBXFileReference; lastKnownFileType = sourcecode.swift; path = RadioButton.swift; sourceTree = "<group>"; };
		9A6114B92A02B2230051FF2B /* CheckBoxButton.swift */ = {isa = PBXFileReference; lastKnownFileType = sourcecode.swift; path = CheckBoxButton.swift; sourceTree = "<group>"; };
		9A6114BB2A02B2DB0051FF2B /* RadioButtonStackView.swift */ = {isa = PBXFileReference; lastKnownFileType = sourcecode.swift; path = RadioButtonStackView.swift; sourceTree = "<group>"; };
		9A6114BD2A0500110051FF2B /* SingleChoiceButton.swift */ = {isa = PBXFileReference; lastKnownFileType = sourcecode.swift; path = SingleChoiceButton.swift; sourceTree = "<group>"; };
		9A6114BF2A0508620051FF2B /* OptionStackView.swift */ = {isa = PBXFileReference; lastKnownFileType = sourcecode.swift; path = OptionStackView.swift; sourceTree = "<group>"; };
		9A6114C12A050A100051FF2B /* MultipleChoiceButton.swift */ = {isa = PBXFileReference; lastKnownFileType = sourcecode.swift; path = MultipleChoiceButton.swift; sourceTree = "<group>"; };
		9A6114C52A0691D80051FF2B /* PostingViewController.swift */ = {isa = PBXFileReference; lastKnownFileType = sourcecode.swift; path = PostingViewController.swift; sourceTree = "<group>"; };
		9A6114C92A069D6B0051FF2B /* UIStackViewExt+.swift */ = {isa = PBXFileReference; lastKnownFileType = sourcecode.swift; path = "UIStackViewExt+.swift"; sourceTree = "<group>"; };
		9ABBC35429DC6405006980E6 /* MoreInfoTableViewCell.swift */ = {isa = PBXFileReference; lastKnownFileType = sourcecode.swift; path = MoreInfoTableViewCell.swift; sourceTree = "<group>"; };
		9ABBC35629DC6E71006980E6 /* UIViewExt+.swift */ = {isa = PBXFileReference; lastKnownFileType = sourcecode.swift; path = "UIViewExt+.swift"; sourceTree = "<group>"; };
		9ABBC35829DC787A006980E6 /* UIViewControllerExt+.swift */ = {isa = PBXFileReference; lastKnownFileType = sourcecode.swift; path = "UIViewControllerExt+.swift"; sourceTree = "<group>"; };
		9ACA894243BBFA2D37D1A82C /* Pods-Survy.debug.xcconfig */ = {isa = PBXFileReference; includeInIndex = 1; lastKnownFileType = text.xcconfig; name = "Pods-Survy.debug.xcconfig"; path = "Target Support Files/Pods-Survy/Pods-Survy.debug.xcconfig"; sourceTree = "<group>"; };
		9AE295CE29D6F81400387883 /* Survy.app */ = {isa = PBXFileReference; explicitFileType = wrapper.application; includeInIndex = 0; path = Survy.app; sourceTree = BUILT_PRODUCTS_DIR; };
		9AE295D129D6F81400387883 /* AppDelegate.swift */ = {isa = PBXFileReference; lastKnownFileType = sourcecode.swift; path = AppDelegate.swift; sourceTree = "<group>"; };
		9AE295D329D6F81400387883 /* SceneDelegate.swift */ = {isa = PBXFileReference; lastKnownFileType = sourcecode.swift; path = SceneDelegate.swift; sourceTree = "<group>"; };
		9AE295D529D6F81400387883 /* MainTabController.swift */ = {isa = PBXFileReference; lastKnownFileType = sourcecode.swift; path = MainTabController.swift; sourceTree = "<group>"; };
		9AE295DA29D6F81600387883 /* Assets.xcassets */ = {isa = PBXFileReference; lastKnownFileType = folder.assetcatalog; path = Assets.xcassets; sourceTree = "<group>"; };
		9AE295DD29D6F81600387883 /* Base */ = {isa = PBXFileReference; lastKnownFileType = file.storyboard; name = Base; path = Base.lproj/LaunchScreen.storyboard; sourceTree = "<group>"; };
		9AE295DF29D6F81600387883 /* Info.plist */ = {isa = PBXFileReference; lastKnownFileType = text.plist.xml; path = Info.plist; sourceTree = "<group>"; };
		9AE295E929D6FA4C00387883 /* HomeViewController.swift */ = {isa = PBXFileReference; lastKnownFileType = sourcecode.swift; path = HomeViewController.swift; sourceTree = "<group>"; };
		9AE295EB29D6FA5300387883 /* StoreViewController.swift */ = {isa = PBXFileReference; lastKnownFileType = sourcecode.swift; path = StoreViewController.swift; sourceTree = "<group>"; };
		9AE295ED29D6FA5C00387883 /* MyPageViewController.swift */ = {isa = PBXFileReference; lastKnownFileType = sourcecode.swift; path = MyPageViewController.swift; sourceTree = "<group>"; };
		9AE295F029D6FB4A00387883 /* UIImageExt+.swift */ = {isa = PBXFileReference; lastKnownFileType = sourcecode.swift; path = "UIImageExt+.swift"; sourceTree = "<group>"; };
		9AE295F229D700B900387883 /* UIColorExt+.swift */ = {isa = PBXFileReference; lastKnownFileType = sourcecode.swift; path = "UIColorExt+.swift"; sourceTree = "<group>"; };
		9AE295F729D706A200387883 /* UserDefaultsExt+.swift */ = {isa = PBXFileReference; lastKnownFileType = sourcecode.swift; path = "UserDefaultsExt+.swift"; sourceTree = "<group>"; };
		9AE295F929D7131C00387883 /* SurveyTableViewCell.swift */ = {isa = PBXFileReference; lastKnownFileType = sourcecode.swift; path = SurveyTableViewCell.swift; sourceTree = "<group>"; };
		9AE295FE29D714E300387883 /* UITableViewCellExt+.swift */ = {isa = PBXFileReference; lastKnownFileType = sourcecode.swift; path = "UITableViewCellExt+.swift"; sourceTree = "<group>"; };
		9AE2960029D714F800387883 /* UICollectionViewCellExt+.swift */ = {isa = PBXFileReference; lastKnownFileType = sourcecode.swift; path = "UICollectionViewCellExt+.swift"; sourceTree = "<group>"; };
		9AE2960829D7217100387883 /* SurvyTests.xctest */ = {isa = PBXFileReference; explicitFileType = wrapper.cfbundle; includeInIndex = 0; path = SurvyTests.xctest; sourceTree = BUILT_PRODUCTS_DIR; };
		9AE2960A29D7217100387883 /* SurvyTests.swift */ = {isa = PBXFileReference; lastKnownFileType = sourcecode.swift; path = SurvyTests.swift; sourceTree = "<group>"; };
		9AE2961129D72B7D00387883 /* Todos */ = {isa = PBXFileReference; lastKnownFileType = text; path = Todos; sourceTree = "<group>"; };
		9AE2961329D83D7600387883 /* UILabelExt+.swift */ = {isa = PBXFileReference; lastKnownFileType = sourcecode.swift; path = "UILabelExt+.swift"; sourceTree = "<group>"; };
		9AE2961529D844CC00387883 /* PaddedLabel.swift */ = {isa = PBXFileReference; lastKnownFileType = sourcecode.swift; path = PaddedLabel.swift; sourceTree = "<group>"; };
		9AE2961929D8474A00387883 /* UIButtonExt+.swift */ = {isa = PBXFileReference; lastKnownFileType = sourcecode.swift; path = "UIButtonExt+.swift"; sourceTree = "<group>"; };
		E1F1FC6319283DBA86EE1005 /* Pods_Survy.framework */ = {isa = PBXFileReference; explicitFileType = wrapper.framework; includeInIndex = 0; path = Pods_Survy.framework; sourceTree = BUILT_PRODUCTS_DIR; };
		EAC2768CE42E7DF5BCF61527 /* Pods-SurvyTests.debug.xcconfig */ = {isa = PBXFileReference; includeInIndex = 1; lastKnownFileType = text.xcconfig; name = "Pods-SurvyTests.debug.xcconfig"; path = "Target Support Files/Pods-SurvyTests/Pods-SurvyTests.debug.xcconfig"; sourceTree = "<group>"; };
		F266BDB675BE90E308F32F23 /* Pods_SurvyTests.framework */ = {isa = PBXFileReference; explicitFileType = wrapper.framework; includeInIndex = 0; path = Pods_SurvyTests.framework; sourceTree = BUILT_PRODUCTS_DIR; };
/* End PBXFileReference section */

/* Begin PBXFrameworksBuildPhase section */
		9AE295CB29D6F81400387883 /* Frameworks */ = {
			isa = PBXFrameworksBuildPhase;
			buildActionMask = 2147483647;
			files = (
				9AE295F629D702EF00387883 /* SnapKit in Frameworks */,
				9A6114432A02923E0051FF2B /* libModel.a in Frameworks */,
				9A6113CA29FBD1140051FF2B /* Alamofire in Frameworks */,
				A888A22CB2C6F95DB56C25D4 /* Pods_Survy.framework in Frameworks */,
			);
			runOnlyForDeploymentPostprocessing = 0;
		};
		9AE2960529D7217100387883 /* Frameworks */ = {
			isa = PBXFrameworksBuildPhase;
			buildActionMask = 2147483647;
			files = (
				A244B07D1065A7D42AFE5B2F /* Pods_SurvyTests.framework in Frameworks */,
			);
			runOnlyForDeploymentPostprocessing = 0;
		};
/* End PBXFrameworksBuildPhase section */

/* Begin PBXGroup section */
		936E67CE644A7724BF9A6B97 /* Pods */ = {
			isa = PBXGroup;
			children = (
				9ACA894243BBFA2D37D1A82C /* Pods-Survy.debug.xcconfig */,
				7933420798D6EB56509FCEAD /* Pods-Survy.release.xcconfig */,
				EAC2768CE42E7DF5BCF61527 /* Pods-SurvyTests.debug.xcconfig */,
				291EA8F94DBEE7A46E0AAD3F /* Pods-SurvyTests.release.xcconfig */,
			);
			path = Pods;
			sourceTree = "<group>";
		};
		9A6113BC29F521E90051FF2B /* HelperClass */ = {
			isa = PBXGroup;
			children = (
				9AE2961529D844CC00387883 /* PaddedLabel.swift */,
				9A6114B72A02B1F70051FF2B /* RadioButton.swift */,
				9A6114BB2A02B2DB0051FF2B /* RadioButtonStackView.swift */,
				9A6114B92A02B2230051FF2B /* CheckBoxButton.swift */,
				9A6113BA29F521910051FF2B /* BaseViewController.swift */,
			);
			path = HelperClass;
			sourceTree = "<group>";
		};
		9A6113C529F539B90051FF2B /* API */ = {
			isa = PBXGroup;
			children = (
				9A6113C629F539C10051FF2B /* APIManager.swift */,
			);
			path = API;
			sourceTree = "<group>";
		};
		9A6113DB2A025A440051FF2B /* Flow */ = {
			isa = PBXGroup;
			children = (
				9AE295D129D6F81400387883 /* AppDelegate.swift */,
				9AE295D329D6F81400387883 /* SceneDelegate.swift */,
				9A6114522A0297190051FF2B /* Providers */,
				9AE295D529D6F81400387883 /* MainTabController.swift */,
				9A6114532A0297920051FF2B /* MainCoordinator.swift */,
				9A6114552A0298D10051FF2B /* Destination.swift */,
			);
			path = Flow;
			sourceTree = "<group>";
		};
		9A6114522A0297190051FF2B /* Providers */ = {
			isa = PBXGroup;
			children = (
				9A61144A2A02964D0051FF2B /* Provider.swift */,
				9A61144E2A0296940051FF2B /* UserService.swift */,
				9A6114502A0296E90051FF2B /* SurveyService.swift */,
			);
			path = Providers;
			sourceTree = "<group>";
		};
		9A6114C32A0691650051FF2B /* RespondingQuestion */ = {
			isa = PBXGroup;
			children = (
				9A6113B629F515FF0051FF2B /* QuestionViewController.swift */,
				9A6114BF2A0508620051FF2B /* OptionStackView.swift */,
			);
			path = RespondingQuestion;
			sourceTree = "<group>";
		};
		9A6114C42A0691A30051FF2B /* PostingQuestion */ = {
			isa = PBXGroup;
			children = (
				9A6114C52A0691D80051FF2B /* PostingViewController.swift */,
			);
			path = PostingQuestion;
			sourceTree = "<group>";
		};
		9AE295C529D6F81400387883 = {
			isa = PBXGroup;
			children = (
				9AE295D029D6F81400387883 /* Survy */,
				9AE2960929D7217100387883 /* SurvyTests */,
				9AE295CF29D6F81400387883 /* Products */,
				936E67CE644A7724BF9A6B97 /* Pods */,
				C5EA27505DEA5A8F343A3340 /* Frameworks */,
			);
			sourceTree = "<group>";
		};
		9AE295CF29D6F81400387883 /* Products */ = {
			isa = PBXGroup;
			children = (
				9AE295CE29D6F81400387883 /* Survy.app */,
				9AE2960829D7217100387883 /* SurvyTests.xctest */,
			);
			name = Products;
			sourceTree = "<group>";
		};
		9AE295D029D6F81400387883 /* Survy */ = {
			isa = PBXGroup;
			children = (
				9AE2961129D72B7D00387883 /* Todos */,
				9AE295EF29D6FB3B00387883 /* Extensions */,
				9A6113BC29F521E90051FF2B /* HelperClass */,
				9A6113C529F539B90051FF2B /* API */,
				9AE295DA29D6F81600387883 /* Assets.xcassets */,
				9A6114462A0296240051FF2B /* Coordinator.swift */,
				9A6114482A0296310051FF2B /* Coordinating.swift */,
				9A61144C2A0296770051FF2B /* StartingNavigationController.swift */,
				9A6113DB2A025A440051FF2B /* Flow */,
				9AE295E629D6F9FD00387883 /* Home */,
				9AE295E729D6FA2C00387883 /* Store */,
				9AE295E829D6FA3100387883 /* MyPage */,
				9AE295DC29D6F81600387883 /* LaunchScreen.storyboard */,
				9AE295DF29D6F81600387883 /* Info.plist */,
			);
			path = Survy;
			sourceTree = "<group>";
		};
		9AE295E629D6F9FD00387883 /* Home */ = {
			isa = PBXGroup;
			children = (
				9AE295E929D6FA4C00387883 /* HomeViewController.swift */,
				9AE295F929D7131C00387883 /* SurveyTableViewCell.swift */,
				9A6113D12A010B840051FF2B /* CategoryCollectionViewCell.swift */,
				9A6114C42A0691A30051FF2B /* PostingQuestion */,
				9A6114C32A0691650051FF2B /* RespondingQuestion */,
			);
			path = Home;
			sourceTree = "<group>";
		};
		9AE295E729D6FA2C00387883 /* Store */ = {
			isa = PBXGroup;
			children = (
				9AE295EB29D6FA5300387883 /* StoreViewController.swift */,
			);
			path = Store;
			sourceTree = "<group>";
		};
		9AE295E829D6FA3100387883 /* MyPage */ = {
			isa = PBXGroup;
			children = (
				9AE295ED29D6FA5C00387883 /* MyPageViewController.swift */,
				9ABBC35429DC6405006980E6 /* MoreInfoTableViewCell.swift */,
			);
			path = MyPage;
			sourceTree = "<group>";
		};
		9AE295EF29D6FB3B00387883 /* Extensions */ = {
			isa = PBXGroup;
			children = (
				9AE295F029D6FB4A00387883 /* UIImageExt+.swift */,
				9AE295F229D700B900387883 /* UIColorExt+.swift */,
				9AE295F729D706A200387883 /* UserDefaultsExt+.swift */,
				9AE295FE29D714E300387883 /* UITableViewCellExt+.swift */,
				9AE2960029D714F800387883 /* UICollectionViewCellExt+.swift */,
				9AE2961329D83D7600387883 /* UILabelExt+.swift */,
				9ABBC35829DC787A006980E6 /* UIViewControllerExt+.swift */,
				9ABBC35629DC6E71006980E6 /* UIViewExt+.swift */,
				9AE2961929D8474A00387883 /* UIButtonExt+.swift */,
				9A6114BD2A0500110051FF2B /* SingleChoiceButton.swift */,
				9A6114C12A050A100051FF2B /* MultipleChoiceButton.swift */,
				9A6113B829F51F5B0051FF2B /* UIScreenExt+.swift */,
				9A6113CF2A00D5F40051FF2B /* NSMutableParagraphStyle.swift */,
				9A6113D52A0134F80051FF2B /* SetExt+.swift */,
				9A6114C92A069D6B0051FF2B /* UIStackViewExt+.swift */,
			);
			path = Extensions;
			sourceTree = "<group>";
		};
		9AE2960929D7217100387883 /* SurvyTests */ = {
			isa = PBXGroup;
			children = (
				9A6113CD2A00C8860051FF2B /* APITest.swift */,
				9AE2960A29D7217100387883 /* SurvyTests.swift */,
			);
			path = SurvyTests;
			sourceTree = "<group>";
		};
		C5EA27505DEA5A8F343A3340 /* Frameworks */ = {
			isa = PBXGroup;
			children = (
				9A6114422A02923E0051FF2B /* libModel.a */,
				E1F1FC6319283DBA86EE1005 /* Pods_Survy.framework */,
				F266BDB675BE90E308F32F23 /* Pods_SurvyTests.framework */,
			);
			name = Frameworks;
			sourceTree = "<group>";
		};
/* End PBXGroup section */

/* Begin PBXNativeTarget section */
		9AE295CD29D6F81400387883 /* Survy */ = {
			isa = PBXNativeTarget;
			buildConfigurationList = 9AE295E229D6F81600387883 /* Build configuration list for PBXNativeTarget "Survy" */;
			buildPhases = (
				819A5B409C003D03FA5A88EF /* [CP] Check Pods Manifest.lock */,
				9AE295CA29D6F81400387883 /* Sources */,
				9AE295CB29D6F81400387883 /* Frameworks */,
				9AE295CC29D6F81400387883 /* Resources */,
			);
			buildRules = (
			);
			dependencies = (
			);
			name = Survy;
			packageProductDependencies = (
				9AE295F529D702EF00387883 /* SnapKit */,
				9A6113C929FBD1140051FF2B /* Alamofire */,
			);
			productName = Survy;
			productReference = 9AE295CE29D6F81400387883 /* Survy.app */;
			productType = "com.apple.product-type.application";
		};
		9AE2960729D7217100387883 /* SurvyTests */ = {
			isa = PBXNativeTarget;
			buildConfigurationList = 9AE2960E29D7217200387883 /* Build configuration list for PBXNativeTarget "SurvyTests" */;
			buildPhases = (
				CE42DA35E63FE779DC26EA0C /* [CP] Check Pods Manifest.lock */,
				9AE2960429D7217100387883 /* Sources */,
				9AE2960529D7217100387883 /* Frameworks */,
				9AE2960629D7217100387883 /* Resources */,
			);
			buildRules = (
			);
			dependencies = (
				9AE2960D29D7217100387883 /* PBXTargetDependency */,
			);
			name = SurvyTests;
			productName = SurvyTests;
			productReference = 9AE2960829D7217100387883 /* SurvyTests.xctest */;
			productType = "com.apple.product-type.bundle.unit-test";
		};
/* End PBXNativeTarget section */

/* Begin PBXProject section */
		9AE295C629D6F81400387883 /* Project object */ = {
			isa = PBXProject;
			attributes = {
				BuildIndependentTargetsInParallel = 1;
				LastSwiftUpdateCheck = 1420;
				LastUpgradeCheck = 1420;
				TargetAttributes = {
					9AE295CD29D6F81400387883 = {
						CreatedOnToolsVersion = 14.2;
					};
					9AE2960729D7217100387883 = {
						CreatedOnToolsVersion = 14.2;
						TestTargetID = 9AE295CD29D6F81400387883;
					};
				};
			};
			buildConfigurationList = 9AE295C929D6F81400387883 /* Build configuration list for PBXProject "Survy" */;
			compatibilityVersion = "Xcode 14.0";
			developmentRegion = en;
			hasScannedForEncodings = 0;
			knownRegions = (
				en,
				Base,
			);
			mainGroup = 9AE295C529D6F81400387883;
			packageReferences = (
				9AE295F429D702EF00387883 /* XCRemoteSwiftPackageReference "SnapKit" */,
				9A6113C829FBD1140051FF2B /* XCRemoteSwiftPackageReference "Alamofire" */,
			);
			productRefGroup = 9AE295CF29D6F81400387883 /* Products */;
			projectDirPath = "";
			projectRoot = "";
			targets = (
				9AE295CD29D6F81400387883 /* Survy */,
				9AE2960729D7217100387883 /* SurvyTests */,
			);
		};
/* End PBXProject section */

/* Begin PBXResourcesBuildPhase section */
		9AE295CC29D6F81400387883 /* Resources */ = {
			isa = PBXResourcesBuildPhase;
			buildActionMask = 2147483647;
			files = (
				9AE2961229D72B7D00387883 /* Todos in Resources */,
				9AE295DE29D6F81600387883 /* LaunchScreen.storyboard in Resources */,
				9AE295DB29D6F81600387883 /* Assets.xcassets in Resources */,
			);
			runOnlyForDeploymentPostprocessing = 0;
		};
		9AE2960629D7217100387883 /* Resources */ = {
			isa = PBXResourcesBuildPhase;
			buildActionMask = 2147483647;
			files = (
			);
			runOnlyForDeploymentPostprocessing = 0;
		};
/* End PBXResourcesBuildPhase section */

/* Begin PBXShellScriptBuildPhase section */
		819A5B409C003D03FA5A88EF /* [CP] Check Pods Manifest.lock */ = {
			isa = PBXShellScriptBuildPhase;
			buildActionMask = 2147483647;
			files = (
			);
			inputFileListPaths = (
			);
			inputPaths = (
				"${PODS_PODFILE_DIR_PATH}/Podfile.lock",
				"${PODS_ROOT}/Manifest.lock",
			);
			name = "[CP] Check Pods Manifest.lock";
			outputFileListPaths = (
			);
			outputPaths = (
				"$(DERIVED_FILE_DIR)/Pods-Survy-checkManifestLockResult.txt",
			);
			runOnlyForDeploymentPostprocessing = 0;
			shellPath = /bin/sh;
			shellScript = "diff \"${PODS_PODFILE_DIR_PATH}/Podfile.lock\" \"${PODS_ROOT}/Manifest.lock\" > /dev/null\nif [ $? != 0 ] ; then\n    # print error to STDERR\n    echo \"error: The sandbox is not in sync with the Podfile.lock. Run 'pod install' or update your CocoaPods installation.\" >&2\n    exit 1\nfi\n# This output is used by Xcode 'outputs' to avoid re-running this script phase.\necho \"SUCCESS\" > \"${SCRIPT_OUTPUT_FILE_0}\"\n";
			showEnvVarsInLog = 0;
		};
		CE42DA35E63FE779DC26EA0C /* [CP] Check Pods Manifest.lock */ = {
			isa = PBXShellScriptBuildPhase;
			buildActionMask = 2147483647;
			files = (
			);
			inputFileListPaths = (
			);
			inputPaths = (
				"${PODS_PODFILE_DIR_PATH}/Podfile.lock",
				"${PODS_ROOT}/Manifest.lock",
			);
			name = "[CP] Check Pods Manifest.lock";
			outputFileListPaths = (
			);
			outputPaths = (
				"$(DERIVED_FILE_DIR)/Pods-SurvyTests-checkManifestLockResult.txt",
			);
			runOnlyForDeploymentPostprocessing = 0;
			shellPath = /bin/sh;
			shellScript = "diff \"${PODS_PODFILE_DIR_PATH}/Podfile.lock\" \"${PODS_ROOT}/Manifest.lock\" > /dev/null\nif [ $? != 0 ] ; then\n    # print error to STDERR\n    echo \"error: The sandbox is not in sync with the Podfile.lock. Run 'pod install' or update your CocoaPods installation.\" >&2\n    exit 1\nfi\n# This output is used by Xcode 'outputs' to avoid re-running this script phase.\necho \"SUCCESS\" > \"${SCRIPT_OUTPUT_FILE_0}\"\n";
			showEnvVarsInLog = 0;
		};
/* End PBXShellScriptBuildPhase section */

/* Begin PBXSourcesBuildPhase section */
		9AE295CA29D6F81400387883 /* Sources */ = {
			isa = PBXSourcesBuildPhase;
			buildActionMask = 2147483647;
			files = (
				9ABBC35529DC6405006980E6 /* MoreInfoTableViewCell.swift in Sources */,
				9AE295EC29D6FA5300387883 /* StoreViewController.swift in Sources */,
				9A6113C729F539C10051FF2B /* APIManager.swift in Sources */,
				9A61144D2A0296770051FF2B /* StartingNavigationController.swift in Sources */,
				9AE2961A29D8474A00387883 /* UIButtonExt+.swift in Sources */,
				9A6114BC2A02B2DB0051FF2B /* RadioButtonStackView.swift in Sources */,
				9AE295FA29D7131C00387883 /* SurveyTableViewCell.swift in Sources */,
				9A6113D02A00D5F40051FF2B /* NSMutableParagraphStyle.swift in Sources */,
				9A6114C22A050A100051FF2B /* MultipleChoiceButton.swift in Sources */,
				9A6114C62A0691D80051FF2B /* PostingViewController.swift in Sources */,
				9AE295EE29D6FA5C00387883 /* MyPageViewController.swift in Sources */,
				9A6114BE2A0500110051FF2B /* SingleChoiceButton.swift in Sources */,
				9A6114C02A0508620051FF2B /* OptionStackView.swift in Sources */,
				9A6114562A0298D10051FF2B /* Destination.swift in Sources */,
				9AE2961629D844CC00387883 /* PaddedLabel.swift in Sources */,
				9A6114472A0296240051FF2B /* Coordinator.swift in Sources */,
				9A6113B929F51F5B0051FF2B /* UIScreenExt+.swift in Sources */,
				9A6113B729F515FF0051FF2B /* QuestionViewController.swift in Sources */,
				9A6114512A0296E90051FF2B /* SurveyService.swift in Sources */,
				9A61144F2A0296940051FF2B /* UserService.swift in Sources */,
				9AE295D629D6F81400387883 /* MainTabController.swift in Sources */,
				9A6114CA2A069D6B0051FF2B /* UIStackViewExt+.swift in Sources */,
				9A6114542A0297920051FF2B /* MainCoordinator.swift in Sources */,
				9AE295D229D6F81400387883 /* AppDelegate.swift in Sources */,
				9A6113D62A0134F80051FF2B /* SetExt+.swift in Sources */,
				9AE2960129D714F800387883 /* UICollectionViewCellExt+.swift in Sources */,
				9A6113D22A010B840051FF2B /* CategoryCollectionViewCell.swift in Sources */,
				9A6114B82A02B1F70051FF2B /* RadioButton.swift in Sources */,
				9AE295F129D6FB4A00387883 /* UIImageExt+.swift in Sources */,
				9A6113BB29F521910051FF2B /* BaseViewController.swift in Sources */,
				9AE295F829D706A200387883 /* UserDefaultsExt+.swift in Sources */,
				9AE295F329D700B900387883 /* UIColorExt+.swift in Sources */,
				9A61144B2A02964D0051FF2B /* Provider.swift in Sources */,
				9AE2961429D83D7600387883 /* UILabelExt+.swift in Sources */,
				9A6114492A0296310051FF2B /* Coordinating.swift in Sources */,
				9ABBC35729DC6E71006980E6 /* UIViewExt+.swift in Sources */,
				9ABBC35929DC787A006980E6 /* UIViewControllerExt+.swift in Sources */,
				9AE295FF29D714E300387883 /* UITableViewCellExt+.swift in Sources */,
				9A6114BA2A02B2230051FF2B /* CheckBoxButton.swift in Sources */,
				9AE295D429D6F81400387883 /* SceneDelegate.swift in Sources */,
				9AE295EA29D6FA4C00387883 /* HomeViewController.swift in Sources */,
			);
			runOnlyForDeploymentPostprocessing = 0;
		};
		9AE2960429D7217100387883 /* Sources */ = {
			isa = PBXSourcesBuildPhase;
			buildActionMask = 2147483647;
			files = (
				9A6113CE2A00C8860051FF2B /* APITest.swift in Sources */,
				9AE2960B29D7217100387883 /* SurvyTests.swift in Sources */,
			);
			runOnlyForDeploymentPostprocessing = 0;
		};
/* End PBXSourcesBuildPhase section */

/* Begin PBXTargetDependency section */
		9AE2960D29D7217100387883 /* PBXTargetDependency */ = {
			isa = PBXTargetDependency;
			target = 9AE295CD29D6F81400387883 /* Survy */;
			targetProxy = 9AE2960C29D7217100387883 /* PBXContainerItemProxy */;
		};
/* End PBXTargetDependency section */

/* Begin PBXVariantGroup section */
		9AE295DC29D6F81600387883 /* LaunchScreen.storyboard */ = {
			isa = PBXVariantGroup;
			children = (
				9AE295DD29D6F81600387883 /* Base */,
			);
			name = LaunchScreen.storyboard;
			sourceTree = "<group>";
		};
/* End PBXVariantGroup section */

/* Begin XCBuildConfiguration section */
		9AE295E029D6F81600387883 /* Debug */ = {
			isa = XCBuildConfiguration;
			buildSettings = {
				ALWAYS_SEARCH_USER_PATHS = NO;
				CLANG_ANALYZER_NONNULL = YES;
				CLANG_ANALYZER_NUMBER_OBJECT_CONVERSION = YES_AGGRESSIVE;
				CLANG_CXX_LANGUAGE_STANDARD = "gnu++20";
				CLANG_ENABLE_MODULES = YES;
				CLANG_ENABLE_OBJC_ARC = YES;
				CLANG_ENABLE_OBJC_WEAK = YES;
				CLANG_WARN_BLOCK_CAPTURE_AUTORELEASING = YES;
				CLANG_WARN_BOOL_CONVERSION = YES;
				CLANG_WARN_COMMA = YES;
				CLANG_WARN_CONSTANT_CONVERSION = YES;
				CLANG_WARN_DEPRECATED_OBJC_IMPLEMENTATIONS = YES;
				CLANG_WARN_DIRECT_OBJC_ISA_USAGE = YES_ERROR;
				CLANG_WARN_DOCUMENTATION_COMMENTS = YES;
				CLANG_WARN_EMPTY_BODY = YES;
				CLANG_WARN_ENUM_CONVERSION = YES;
				CLANG_WARN_INFINITE_RECURSION = YES;
				CLANG_WARN_INT_CONVERSION = YES;
				CLANG_WARN_NON_LITERAL_NULL_CONVERSION = YES;
				CLANG_WARN_OBJC_IMPLICIT_RETAIN_SELF = YES;
				CLANG_WARN_OBJC_LITERAL_CONVERSION = YES;
				CLANG_WARN_OBJC_ROOT_CLASS = YES_ERROR;
				CLANG_WARN_QUOTED_INCLUDE_IN_FRAMEWORK_HEADER = YES;
				CLANG_WARN_RANGE_LOOP_ANALYSIS = YES;
				CLANG_WARN_STRICT_PROTOTYPES = YES;
				CLANG_WARN_SUSPICIOUS_MOVE = YES;
				CLANG_WARN_UNGUARDED_AVAILABILITY = YES_AGGRESSIVE;
				CLANG_WARN_UNREACHABLE_CODE = YES;
				CLANG_WARN__DUPLICATE_METHOD_MATCH = YES;
				COPY_PHASE_STRIP = NO;
				DEBUG_INFORMATION_FORMAT = dwarf;
				ENABLE_STRICT_OBJC_MSGSEND = YES;
				ENABLE_TESTABILITY = YES;
				GCC_C_LANGUAGE_STANDARD = gnu11;
				GCC_DYNAMIC_NO_PIC = NO;
				GCC_NO_COMMON_BLOCKS = YES;
				GCC_OPTIMIZATION_LEVEL = 0;
				GCC_PREPROCESSOR_DEFINITIONS = (
					"DEBUG=1",
					"$(inherited)",
				);
				GCC_WARN_64_TO_32_BIT_CONVERSION = YES;
				GCC_WARN_ABOUT_RETURN_TYPE = YES_ERROR;
				GCC_WARN_UNDECLARED_SELECTOR = YES;
				GCC_WARN_UNINITIALIZED_AUTOS = YES_AGGRESSIVE;
				GCC_WARN_UNUSED_FUNCTION = YES;
				GCC_WARN_UNUSED_VARIABLE = YES;
				IPHONEOS_DEPLOYMENT_TARGET = 16.2;
				MTL_ENABLE_DEBUG_INFO = INCLUDE_SOURCE;
				MTL_FAST_MATH = YES;
				ONLY_ACTIVE_ARCH = YES;
				SDKROOT = iphoneos;
				SWIFT_ACTIVE_COMPILATION_CONDITIONS = DEBUG;
				SWIFT_OPTIMIZATION_LEVEL = "-Onone";
			};
			name = Debug;
		};
		9AE295E129D6F81600387883 /* Release */ = {
			isa = XCBuildConfiguration;
			buildSettings = {
				ALWAYS_SEARCH_USER_PATHS = NO;
				CLANG_ANALYZER_NONNULL = YES;
				CLANG_ANALYZER_NUMBER_OBJECT_CONVERSION = YES_AGGRESSIVE;
				CLANG_CXX_LANGUAGE_STANDARD = "gnu++20";
				CLANG_ENABLE_MODULES = YES;
				CLANG_ENABLE_OBJC_ARC = YES;
				CLANG_ENABLE_OBJC_WEAK = YES;
				CLANG_WARN_BLOCK_CAPTURE_AUTORELEASING = YES;
				CLANG_WARN_BOOL_CONVERSION = YES;
				CLANG_WARN_COMMA = YES;
				CLANG_WARN_CONSTANT_CONVERSION = YES;
				CLANG_WARN_DEPRECATED_OBJC_IMPLEMENTATIONS = YES;
				CLANG_WARN_DIRECT_OBJC_ISA_USAGE = YES_ERROR;
				CLANG_WARN_DOCUMENTATION_COMMENTS = YES;
				CLANG_WARN_EMPTY_BODY = YES;
				CLANG_WARN_ENUM_CONVERSION = YES;
				CLANG_WARN_INFINITE_RECURSION = YES;
				CLANG_WARN_INT_CONVERSION = YES;
				CLANG_WARN_NON_LITERAL_NULL_CONVERSION = YES;
				CLANG_WARN_OBJC_IMPLICIT_RETAIN_SELF = YES;
				CLANG_WARN_OBJC_LITERAL_CONVERSION = YES;
				CLANG_WARN_OBJC_ROOT_CLASS = YES_ERROR;
				CLANG_WARN_QUOTED_INCLUDE_IN_FRAMEWORK_HEADER = YES;
				CLANG_WARN_RANGE_LOOP_ANALYSIS = YES;
				CLANG_WARN_STRICT_PROTOTYPES = YES;
				CLANG_WARN_SUSPICIOUS_MOVE = YES;
				CLANG_WARN_UNGUARDED_AVAILABILITY = YES_AGGRESSIVE;
				CLANG_WARN_UNREACHABLE_CODE = YES;
				CLANG_WARN__DUPLICATE_METHOD_MATCH = YES;
				COPY_PHASE_STRIP = NO;
				DEBUG_INFORMATION_FORMAT = "dwarf-with-dsym";
				ENABLE_NS_ASSERTIONS = NO;
				ENABLE_STRICT_OBJC_MSGSEND = YES;
				GCC_C_LANGUAGE_STANDARD = gnu11;
				GCC_NO_COMMON_BLOCKS = YES;
				GCC_WARN_64_TO_32_BIT_CONVERSION = YES;
				GCC_WARN_ABOUT_RETURN_TYPE = YES_ERROR;
				GCC_WARN_UNDECLARED_SELECTOR = YES;
				GCC_WARN_UNINITIALIZED_AUTOS = YES_AGGRESSIVE;
				GCC_WARN_UNUSED_FUNCTION = YES;
				GCC_WARN_UNUSED_VARIABLE = YES;
				IPHONEOS_DEPLOYMENT_TARGET = 16.2;
				MTL_ENABLE_DEBUG_INFO = NO;
				MTL_FAST_MATH = YES;
				SDKROOT = iphoneos;
				SWIFT_COMPILATION_MODE = wholemodule;
				SWIFT_OPTIMIZATION_LEVEL = "-O";
				VALIDATE_PRODUCT = YES;
			};
			name = Release;
		};
		9AE295E329D6F81600387883 /* Debug */ = {
			isa = XCBuildConfiguration;
			baseConfigurationReference = 9ACA894243BBFA2D37D1A82C /* Pods-Survy.debug.xcconfig */;
			buildSettings = {
				ASSETCATALOG_COMPILER_APPICON_NAME = AppIcon;
				ASSETCATALOG_COMPILER_GLOBAL_ACCENT_COLOR_NAME = AccentColor;
				CODE_SIGN_STYLE = Automatic;
				CURRENT_PROJECT_VERSION = 1;
				DEVELOPMENT_TEAM = F23GD77ZRK;
				GENERATE_INFOPLIST_FILE = YES;
				INFOPLIST_FILE = Survy/Info.plist;
				INFOPLIST_KEY_UIApplicationSupportsIndirectInputEvents = YES;
				INFOPLIST_KEY_UILaunchStoryboardName = LaunchScreen;
				INFOPLIST_KEY_UISupportedInterfaceOrientations_iPad = "UIInterfaceOrientationPortrait UIInterfaceOrientationPortraitUpsideDown UIInterfaceOrientationLandscapeLeft UIInterfaceOrientationLandscapeRight";
				INFOPLIST_KEY_UISupportedInterfaceOrientations_iPhone = "UIInterfaceOrientationPortrait UIInterfaceOrientationLandscapeLeft UIInterfaceOrientationLandscapeRight";
				IPHONEOS_DEPLOYMENT_TARGET = 16.0;
				LD_RUNPATH_SEARCH_PATHS = (
					"$(inherited)",
					"@executable_path/Frameworks",
				);
				MARKETING_VERSION = 1.0;
				PRODUCT_BUNDLE_IDENTIFIER = "hanmok-main.Survy";
				PRODUCT_NAME = "$(TARGET_NAME)";
				SWIFT_EMIT_LOC_STRINGS = YES;
				SWIFT_VERSION = 5.0;
				TARGETED_DEVICE_FAMILY = "1,2";
			};
			name = Debug;
		};
		9AE295E429D6F81600387883 /* Release */ = {
			isa = XCBuildConfiguration;
			baseConfigurationReference = 7933420798D6EB56509FCEAD /* Pods-Survy.release.xcconfig */;
			buildSettings = {
				ASSETCATALOG_COMPILER_APPICON_NAME = AppIcon;
				ASSETCATALOG_COMPILER_GLOBAL_ACCENT_COLOR_NAME = AccentColor;
				CODE_SIGN_STYLE = Automatic;
				CURRENT_PROJECT_VERSION = 1;
				DEVELOPMENT_TEAM = F23GD77ZRK;
				GENERATE_INFOPLIST_FILE = YES;
				INFOPLIST_FILE = Survy/Info.plist;
				INFOPLIST_KEY_UIApplicationSupportsIndirectInputEvents = YES;
				INFOPLIST_KEY_UILaunchStoryboardName = LaunchScreen;
				INFOPLIST_KEY_UISupportedInterfaceOrientations_iPad = "UIInterfaceOrientationPortrait UIInterfaceOrientationPortraitUpsideDown UIInterfaceOrientationLandscapeLeft UIInterfaceOrientationLandscapeRight";
				INFOPLIST_KEY_UISupportedInterfaceOrientations_iPhone = "UIInterfaceOrientationPortrait UIInterfaceOrientationLandscapeLeft UIInterfaceOrientationLandscapeRight";
				IPHONEOS_DEPLOYMENT_TARGET = 16.0;
				LD_RUNPATH_SEARCH_PATHS = (
					"$(inherited)",
					"@executable_path/Frameworks",
				);
				MARKETING_VERSION = 1.0;
				PRODUCT_BUNDLE_IDENTIFIER = "hanmok-main.Survy";
				PRODUCT_NAME = "$(TARGET_NAME)";
				SWIFT_EMIT_LOC_STRINGS = YES;
				SWIFT_VERSION = 5.0;
				TARGETED_DEVICE_FAMILY = "1,2";
			};
			name = Release;
		};
		9AE2960F29D7217200387883 /* Debug */ = {
			isa = XCBuildConfiguration;
			baseConfigurationReference = EAC2768CE42E7DF5BCF61527 /* Pods-SurvyTests.debug.xcconfig */;
			buildSettings = {
				BUNDLE_LOADER = "$(TEST_HOST)";
				CODE_SIGN_STYLE = Automatic;
				CURRENT_PROJECT_VERSION = 1;
				DEVELOPMENT_TEAM = F23GD77ZRK;
				GENERATE_INFOPLIST_FILE = YES;
				IPHONEOS_DEPLOYMENT_TARGET = 16.0;
				MARKETING_VERSION = 1.0;
				PRODUCT_BUNDLE_IDENTIFIER = "hanmok-main.SurvyTests";
				PRODUCT_NAME = "$(TARGET_NAME)";
				SWIFT_EMIT_LOC_STRINGS = NO;
				SWIFT_VERSION = 5.0;
				TARGETED_DEVICE_FAMILY = "1,2";
				TEST_HOST = "$(BUILT_PRODUCTS_DIR)/Survy.app/$(BUNDLE_EXECUTABLE_FOLDER_PATH)/Survy";
			};
			name = Debug;
		};
		9AE2961029D7217200387883 /* Release */ = {
			isa = XCBuildConfiguration;
			baseConfigurationReference = 291EA8F94DBEE7A46E0AAD3F /* Pods-SurvyTests.release.xcconfig */;
			buildSettings = {
				BUNDLE_LOADER = "$(TEST_HOST)";
				CODE_SIGN_STYLE = Automatic;
				CURRENT_PROJECT_VERSION = 1;
				DEVELOPMENT_TEAM = F23GD77ZRK;
				GENERATE_INFOPLIST_FILE = YES;
				IPHONEOS_DEPLOYMENT_TARGET = 16.0;
				MARKETING_VERSION = 1.0;
				PRODUCT_BUNDLE_IDENTIFIER = "hanmok-main.SurvyTests";
				PRODUCT_NAME = "$(TARGET_NAME)";
				SWIFT_EMIT_LOC_STRINGS = NO;
				SWIFT_VERSION = 5.0;
				TARGETED_DEVICE_FAMILY = "1,2";
				TEST_HOST = "$(BUILT_PRODUCTS_DIR)/Survy.app/$(BUNDLE_EXECUTABLE_FOLDER_PATH)/Survy";
			};
			name = Release;
		};
/* End XCBuildConfiguration section */

/* Begin XCConfigurationList section */
		9AE295C929D6F81400387883 /* Build configuration list for PBXProject "Survy" */ = {
			isa = XCConfigurationList;
			buildConfigurations = (
				9AE295E029D6F81600387883 /* Debug */,
				9AE295E129D6F81600387883 /* Release */,
			);
			defaultConfigurationIsVisible = 0;
			defaultConfigurationName = Release;
		};
		9AE295E229D6F81600387883 /* Build configuration list for PBXNativeTarget "Survy" */ = {
			isa = XCConfigurationList;
			buildConfigurations = (
				9AE295E329D6F81600387883 /* Debug */,
				9AE295E429D6F81600387883 /* Release */,
			);
			defaultConfigurationIsVisible = 0;
			defaultConfigurationName = Release;
		};
		9AE2960E29D7217200387883 /* Build configuration list for PBXNativeTarget "SurvyTests" */ = {
			isa = XCConfigurationList;
			buildConfigurations = (
				9AE2960F29D7217200387883 /* Debug */,
				9AE2961029D7217200387883 /* Release */,
			);
			defaultConfigurationIsVisible = 0;
			defaultConfigurationName = Release;
		};
/* End XCConfigurationList section */

/* Begin XCRemoteSwiftPackageReference section */
		9A6113C829FBD1140051FF2B /* XCRemoteSwiftPackageReference "Alamofire" */ = {
			isa = XCRemoteSwiftPackageReference;
			repositoryURL = "https://github.com/Alamofire/Alamofire";
			requirement = {
				kind = upToNextMajorVersion;
				minimumVersion = 5.0.0;
			};
		};
		9AE295F429D702EF00387883 /* XCRemoteSwiftPackageReference "SnapKit" */ = {
			isa = XCRemoteSwiftPackageReference;
			repositoryURL = "https://github.com/SnapKit/SnapKit";
			requirement = {
				kind = upToNextMajorVersion;
				minimumVersion = 5.0.0;
			};
		};
/* End XCRemoteSwiftPackageReference section */

/* Begin XCSwiftPackageProductDependency section */
		9A6113C929FBD1140051FF2B /* Alamofire */ = {
			isa = XCSwiftPackageProductDependency;
			package = 9A6113C829FBD1140051FF2B /* XCRemoteSwiftPackageReference "Alamofire" */;
			productName = Alamofire;
		};
		9AE295F529D702EF00387883 /* SnapKit */ = {
			isa = XCSwiftPackageProductDependency;
			package = 9AE295F429D702EF00387883 /* XCRemoteSwiftPackageReference "SnapKit" */;
			productName = SnapKit;
		};
/* End XCSwiftPackageProductDependency section */
	};
	rootObject = 9AE295C629D6F81400387883 /* Project object */;
}
