// !$*UTF8*$!
{
	archiveVersion = 1;
	classes = {
	};
	objectVersion = 56;
	objects = {

/* Begin PBXBuildFile section */
		9A61142E2A0291780051FF2B /* Model.swift in Sources */ = {isa = PBXBuildFile; fileRef = 9A61142D2A0291780051FF2B /* Model.swift */; };
		9A6114352A0291970051FF2B /* Survey.swift in Sources */ = {isa = PBXBuildFile; fileRef = 9A6114342A0291970051FF2B /* Survey.swift */; };
		9A6114372A0291A80051FF2B /* QuestionType.swift in Sources */ = {isa = PBXBuildFile; fileRef = 9A6114362A0291A80051FF2B /* QuestionType.swift */; };
		9A6114392A0291B40051FF2B /* Question.swift in Sources */ = {isa = PBXBuildFile; fileRef = 9A6114382A0291B40051FF2B /* Question.swift */; };
		9A61143B2A0291D30051FF2B /* Section.swift in Sources */ = {isa = PBXBuildFile; fileRef = 9A61143A2A0291D30051FF2B /* Section.swift */; };
		9A61143D2A0291DD0051FF2B /* User.swift in Sources */ = {isa = PBXBuildFile; fileRef = 9A61143C2A0291DD0051FF2B /* User.swift */; };
		9A61143F2A0291EA0051FF2B /* SelectableOption.swift in Sources */ = {isa = PBXBuildFile; fileRef = 9A61143E2A0291EA0051FF2B /* SelectableOption.swift */; };
		9A6114412A0291F50051FF2B /* Tag.swift in Sources */ = {isa = PBXBuildFile; fileRef = 9A6114402A0291F50051FF2B /* Tag.swift */; };
		9A6114452A02931C0051FF2B /* TestData.swift in Sources */ = {isa = PBXBuildFile; fileRef = 9A6114442A02931C0051FF2B /* TestData.swift */; };
		9ACD1C2A2A13AF320085D43E /* Target.swift in Sources */ = {isa = PBXBuildFile; fileRef = 9ACD1C292A13AF320085D43E /* Target.swift */; };
		9ACD1C2C2A13B8E80085D43E /* TargetSection.swift in Sources */ = {isa = PBXBuildFile; fileRef = 9ACD1C2B2A13B8E80085D43E /* TargetSection.swift */; };
/* End PBXBuildFile section */

/* Begin PBXCopyFilesBuildPhase section */
		9A6114282A0291780051FF2B /* CopyFiles */ = {
			isa = PBXCopyFilesBuildPhase;
			buildActionMask = 2147483647;
			dstPath = "include/$(PRODUCT_NAME)";
			dstSubfolderSpec = 16;
			files = (
			);
			runOnlyForDeploymentPostprocessing = 0;
		};
/* End PBXCopyFilesBuildPhase section */

/* Begin PBXFileReference section */
		9A61142A2A0291780051FF2B /* libModel.a */ = {isa = PBXFileReference; explicitFileType = archive.ar; includeInIndex = 0; path = libModel.a; sourceTree = BUILT_PRODUCTS_DIR; };
		9A61142D2A0291780051FF2B /* Model.swift */ = {isa = PBXFileReference; lastKnownFileType = sourcecode.swift; path = Model.swift; sourceTree = "<group>"; };
		9A6114342A0291970051FF2B /* Survey.swift */ = {isa = PBXFileReference; lastKnownFileType = sourcecode.swift; path = Survey.swift; sourceTree = "<group>"; };
		9A6114362A0291A80051FF2B /* QuestionType.swift */ = {isa = PBXFileReference; lastKnownFileType = sourcecode.swift; path = QuestionType.swift; sourceTree = "<group>"; };
		9A6114382A0291B40051FF2B /* Question.swift */ = {isa = PBXFileReference; lastKnownFileType = sourcecode.swift; path = Question.swift; sourceTree = "<group>"; };
		9A61143A2A0291D30051FF2B /* Section.swift */ = {isa = PBXFileReference; lastKnownFileType = sourcecode.swift; path = Section.swift; sourceTree = "<group>"; };
		9A61143C2A0291DD0051FF2B /* User.swift */ = {isa = PBXFileReference; lastKnownFileType = sourcecode.swift; path = User.swift; sourceTree = "<group>"; };
		9A61143E2A0291EA0051FF2B /* SelectableOption.swift */ = {isa = PBXFileReference; lastKnownFileType = sourcecode.swift; path = SelectableOption.swift; sourceTree = "<group>"; };
		9A6114402A0291F50051FF2B /* Tag.swift */ = {isa = PBXFileReference; lastKnownFileType = sourcecode.swift; path = Tag.swift; sourceTree = "<group>"; };
		9A6114442A02931C0051FF2B /* TestData.swift */ = {isa = PBXFileReference; lastKnownFileType = sourcecode.swift; path = TestData.swift; sourceTree = "<group>"; };
		9ACD1C292A13AF320085D43E /* Target.swift */ = {isa = PBXFileReference; lastKnownFileType = sourcecode.swift; path = Target.swift; sourceTree = "<group>"; };
		9ACD1C2B2A13B8E80085D43E /* TargetSection.swift */ = {isa = PBXFileReference; lastKnownFileType = sourcecode.swift; path = TargetSection.swift; sourceTree = "<group>"; };
/* End PBXFileReference section */

/* Begin PBXFrameworksBuildPhase section */
		9A6114272A0291780051FF2B /* Frameworks */ = {
			isa = PBXFrameworksBuildPhase;
			buildActionMask = 2147483647;
			files = (
			);
			runOnlyForDeploymentPostprocessing = 0;
		};
/* End PBXFrameworksBuildPhase section */

/* Begin PBXGroup section */
		9A6114212A0291780051FF2B = {
			isa = PBXGroup;
			children = (
				9A61142C2A0291780051FF2B /* Model */,
				9A61142B2A0291780051FF2B /* Products */,
			);
			sourceTree = "<group>";
		};
		9A61142B2A0291780051FF2B /* Products */ = {
			isa = PBXGroup;
			children = (
				9A61142A2A0291780051FF2B /* libModel.a */,
			);
			name = Products;
			sourceTree = "<group>";
		};
		9A61142C2A0291780051FF2B /* Model */ = {
			isa = PBXGroup;
			children = (
				9A61142D2A0291780051FF2B /* Model.swift */,
				9A6114342A0291970051FF2B /* Survey.swift */,
				9A6114362A0291A80051FF2B /* QuestionType.swift */,
				9A6114382A0291B40051FF2B /* Question.swift */,
				9A61143A2A0291D30051FF2B /* Section.swift */,
				9A61143C2A0291DD0051FF2B /* User.swift */,
				9A61143E2A0291EA0051FF2B /* SelectableOption.swift */,
				9A6114402A0291F50051FF2B /* Tag.swift */,
				9ACD1C2B2A13B8E80085D43E /* TargetSection.swift */,
				9ACD1C292A13AF320085D43E /* Target.swift */,
				9A6114442A02931C0051FF2B /* TestData.swift */,
			);
			path = Model;
			sourceTree = "<group>";
		};
/* End PBXGroup section */

/* Begin PBXNativeTarget section */
		9A6114292A0291780051FF2B /* Model */ = {
			isa = PBXNativeTarget;
			buildConfigurationList = 9A6114312A0291780051FF2B /* Build configuration list for PBXNativeTarget "Model" */;
			buildPhases = (
				9A6114262A0291780051FF2B /* Sources */,
				9A6114272A0291780051FF2B /* Frameworks */,
				9A6114282A0291780051FF2B /* CopyFiles */,
			);
			buildRules = (
			);
			dependencies = (
			);
			name = Model;
			productName = Model;
			productReference = 9A61142A2A0291780051FF2B /* libModel.a */;
			productType = "com.apple.product-type.library.static";
		};
/* End PBXNativeTarget section */

/* Begin PBXProject section */
		9A6114222A0291780051FF2B /* Project object */ = {
			isa = PBXProject;
			attributes = {
				BuildIndependentTargetsInParallel = 1;
				LastSwiftUpdateCheck = 1430;
				LastUpgradeCheck = 1430;
				TargetAttributes = {
					9A6114292A0291780051FF2B = {
						CreatedOnToolsVersion = 14.3;
					};
				};
			};
			buildConfigurationList = 9A6114252A0291780051FF2B /* Build configuration list for PBXProject "Model" */;
			compatibilityVersion = "Xcode 14.0";
			developmentRegion = en;
			hasScannedForEncodings = 0;
			knownRegions = (
				en,
				Base,
			);
			mainGroup = 9A6114212A0291780051FF2B;
			productRefGroup = 9A61142B2A0291780051FF2B /* Products */;
			projectDirPath = "";
			projectRoot = "";
			targets = (
				9A6114292A0291780051FF2B /* Model */,
			);
		};
/* End PBXProject section */

/* Begin PBXSourcesBuildPhase section */
		9A6114262A0291780051FF2B /* Sources */ = {
			isa = PBXSourcesBuildPhase;
			buildActionMask = 2147483647;
			files = (
				9A6114452A02931C0051FF2B /* TestData.swift in Sources */,
				9ACD1C2C2A13B8E80085D43E /* TargetSection.swift in Sources */,
				9A6114412A0291F50051FF2B /* Tag.swift in Sources */,
				9A61143B2A0291D30051FF2B /* Section.swift in Sources */,
				9A61142E2A0291780051FF2B /* Model.swift in Sources */,
				9ACD1C2A2A13AF320085D43E /* Target.swift in Sources */,
				9A61143F2A0291EA0051FF2B /* SelectableOption.swift in Sources */,
				9A61143D2A0291DD0051FF2B /* User.swift in Sources */,
				9A6114392A0291B40051FF2B /* Question.swift in Sources */,
				9A6114372A0291A80051FF2B /* QuestionType.swift in Sources */,
				9A6114352A0291970051FF2B /* Survey.swift in Sources */,
			);
			runOnlyForDeploymentPostprocessing = 0;
		};
/* End PBXSourcesBuildPhase section */

/* Begin XCBuildConfiguration section */
		9A61142F2A0291780051FF2B /* Debug */ = {
			isa = XCBuildConfiguration;
			buildSettings = {
				ALWAYS_SEARCH_USER_PATHS = NO;
				CLANG_ANALYZER_NONNULL = YES;
				CLANG_ANALYZER_NUMBER_OBJECT_CONVERSION = YES_AGGRESSIVE;
				CLANG_CXX_LANGUAGE_STANDARD = "gnu++20";
				CLANG_ENABLE_MODULES = YES;
				CLANG_ENABLE_OBJC_ARC = YES;
				CLANG_ENABLE_OBJC_WEAK = YES;
				CLANG_WARN_BLOCK_CAPTURE_AUTORELEASING = YES;
				CLANG_WARN_BOOL_CONVERSION = YES;
				CLANG_WARN_COMMA = YES;
				CLANG_WARN_CONSTANT_CONVERSION = YES;
				CLANG_WARN_DEPRECATED_OBJC_IMPLEMENTATIONS = YES;
				CLANG_WARN_DIRECT_OBJC_ISA_USAGE = YES_ERROR;
				CLANG_WARN_DOCUMENTATION_COMMENTS = YES;
				CLANG_WARN_EMPTY_BODY = YES;
				CLANG_WARN_ENUM_CONVERSION = YES;
				CLANG_WARN_INFINITE_RECURSION = YES;
				CLANG_WARN_INT_CONVERSION = YES;
				CLANG_WARN_NON_LITERAL_NULL_CONVERSION = YES;
				CLANG_WARN_OBJC_IMPLICIT_RETAIN_SELF = YES;
				CLANG_WARN_OBJC_LITERAL_CONVERSION = YES;
				CLANG_WARN_OBJC_ROOT_CLASS = YES_ERROR;
				CLANG_WARN_QUOTED_INCLUDE_IN_FRAMEWORK_HEADER = YES;
				CLANG_WARN_RANGE_LOOP_ANALYSIS = YES;
				CLANG_WARN_STRICT_PROTOTYPES = YES;
				CLANG_WARN_SUSPICIOUS_MOVE = YES;
				CLANG_WARN_UNGUARDED_AVAILABILITY = YES_AGGRESSIVE;
				CLANG_WARN_UNREACHABLE_CODE = YES;
				CLANG_WARN__DUPLICATE_METHOD_MATCH = YES;
				COPY_PHASE_STRIP = NO;
				DEBUG_INFORMATION_FORMAT = dwarf;
				ENABLE_STRICT_OBJC_MSGSEND = YES;
				ENABLE_TESTABILITY = YES;
				GCC_C_LANGUAGE_STANDARD = gnu11;
				GCC_DYNAMIC_NO_PIC = NO;
				GCC_NO_COMMON_BLOCKS = YES;
				GCC_OPTIMIZATION_LEVEL = 0;
				GCC_PREPROCESSOR_DEFINITIONS = (
					"DEBUG=1",
					"$(inherited)",
				);
				GCC_WARN_64_TO_32_BIT_CONVERSION = YES;
				GCC_WARN_ABOUT_RETURN_TYPE = YES_ERROR;
				GCC_WARN_UNDECLARED_SELECTOR = YES;
				GCC_WARN_UNINITIALIZED_AUTOS = YES_AGGRESSIVE;
				GCC_WARN_UNUSED_FUNCTION = YES;
				GCC_WARN_UNUSED_VARIABLE = YES;
				IPHONEOS_DEPLOYMENT_TARGET = 16.0;
				MTL_ENABLE_DEBUG_INFO = INCLUDE_SOURCE;
				MTL_FAST_MATH = YES;
				ONLY_ACTIVE_ARCH = YES;
				SDKROOT = iphoneos;
				SWIFT_ACTIVE_COMPILATION_CONDITIONS = DEBUG;
				SWIFT_OPTIMIZATION_LEVEL = "-Onone";
			};
			name = Debug;
		};
		9A6114302A0291780051FF2B /* Release */ = {
			isa = XCBuildConfiguration;
			buildSettings = {
				ALWAYS_SEARCH_USER_PATHS = NO;
				CLANG_ANALYZER_NONNULL = YES;
				CLANG_ANALYZER_NUMBER_OBJECT_CONVERSION = YES_AGGRESSIVE;
				CLANG_CXX_LANGUAGE_STANDARD = "gnu++20";
				CLANG_ENABLE_MODULES = YES;
				CLANG_ENABLE_OBJC_ARC = YES;
				CLANG_ENABLE_OBJC_WEAK = YES;
				CLANG_WARN_BLOCK_CAPTURE_AUTORELEASING = YES;
				CLANG_WARN_BOOL_CONVERSION = YES;
				CLANG_WARN_COMMA = YES;
				CLANG_WARN_CONSTANT_CONVERSION = YES;
				CLANG_WARN_DEPRECATED_OBJC_IMPLEMENTATIONS = YES;
				CLANG_WARN_DIRECT_OBJC_ISA_USAGE = YES_ERROR;
				CLANG_WARN_DOCUMENTATION_COMMENTS = YES;
				CLANG_WARN_EMPTY_BODY = YES;
				CLANG_WARN_ENUM_CONVERSION = YES;
				CLANG_WARN_INFINITE_RECURSION = YES;
				CLANG_WARN_INT_CONVERSION = YES;
				CLANG_WARN_NON_LITERAL_NULL_CONVERSION = YES;
				CLANG_WARN_OBJC_IMPLICIT_RETAIN_SELF = YES;
				CLANG_WARN_OBJC_LITERAL_CONVERSION = YES;
				CLANG_WARN_OBJC_ROOT_CLASS = YES_ERROR;
				CLANG_WARN_QUOTED_INCLUDE_IN_FRAMEWORK_HEADER = YES;
				CLANG_WARN_RANGE_LOOP_ANALYSIS = YES;
				CLANG_WARN_STRICT_PROTOTYPES = YES;
				CLANG_WARN_SUSPICIOUS_MOVE = YES;
				CLANG_WARN_UNGUARDED_AVAILABILITY = YES_AGGRESSIVE;
				CLANG_WARN_UNREACHABLE_CODE = YES;
				CLANG_WARN__DUPLICATE_METHOD_MATCH = YES;
				COPY_PHASE_STRIP = NO;
				DEBUG_INFORMATION_FORMAT = "dwarf-with-dsym";
				ENABLE_NS_ASSERTIONS = NO;
				ENABLE_STRICT_OBJC_MSGSEND = YES;
				GCC_C_LANGUAGE_STANDARD = gnu11;
				GCC_NO_COMMON_BLOCKS = YES;
				GCC_WARN_64_TO_32_BIT_CONVERSION = YES;
				GCC_WARN_ABOUT_RETURN_TYPE = YES_ERROR;
				GCC_WARN_UNDECLARED_SELECTOR = YES;
				GCC_WARN_UNINITIALIZED_AUTOS = YES_AGGRESSIVE;
				GCC_WARN_UNUSED_FUNCTION = YES;
				GCC_WARN_UNUSED_VARIABLE = YES;
				IPHONEOS_DEPLOYMENT_TARGET = 16.0;
				MTL_ENABLE_DEBUG_INFO = NO;
				MTL_FAST_MATH = YES;
				SDKROOT = iphoneos;
				SWIFT_COMPILATION_MODE = wholemodule;
				SWIFT_OPTIMIZATION_LEVEL = "-O";
				VALIDATE_PRODUCT = YES;
			};
			name = Release;
		};
		9A6114322A0291780051FF2B /* Debug */ = {
			isa = XCBuildConfiguration;
			buildSettings = {
				CODE_SIGN_STYLE = Automatic;
				DEVELOPMENT_TEAM = F23GD77ZRK;
				OTHER_LDFLAGS = "-ObjC";
				PRODUCT_NAME = "$(TARGET_NAME)";
				SKIP_INSTALL = YES;
				SWIFT_VERSION = 5.0;
				TARGETED_DEVICE_FAMILY = "1,2";
			};
			name = Debug;
		};
		9A6114332A0291780051FF2B /* Release */ = {
			isa = XCBuildConfiguration;
			buildSettings = {
				CODE_SIGN_STYLE = Automatic;
				DEVELOPMENT_TEAM = F23GD77ZRK;
				OTHER_LDFLAGS = "-ObjC";
				PRODUCT_NAME = "$(TARGET_NAME)";
				SKIP_INSTALL = YES;
				SWIFT_VERSION = 5.0;
				TARGETED_DEVICE_FAMILY = "1,2";
			};
			name = Release;
		};
/* End XCBuildConfiguration section */

/* Begin XCConfigurationList section */
		9A6114252A0291780051FF2B /* Build configuration list for PBXProject "Model" */ = {
			isa = XCConfigurationList;
			buildConfigurations = (
				9A61142F2A0291780051FF2B /* Debug */,
				9A6114302A0291780051FF2B /* Release */,
			);
			defaultConfigurationIsVisible = 0;
			defaultConfigurationName = Release;
		};
		9A6114312A0291780051FF2B /* Build configuration list for PBXNativeTarget "Model" */ = {
			isa = XCConfigurationList;
			buildConfigurations = (
				9A6114322A0291780051FF2B /* Debug */,
				9A6114332A0291780051FF2B /* Release */,
			);
			defaultConfigurationIsVisible = 0;
			defaultConfigurationName = Release;
		};
/* End XCConfigurationList section */
	};
	rootObject = 9A6114222A0291780051FF2B /* Project object */;
}
